{
  "version": 4,
  "terraform_version": "0.15.5",
  "serial": 147,
  "lineage": "bed0b556-8b34-56d4-af06-54e1728f86f9",
  "outputs": {
    "bucket_name": {
      "value": "bharathnew-bucket",
      "type": "string"
    },
    "policy_arn": {
      "value": "arn:aws:iam::058264267037:policy/bharath-policy",
      "type": "string"
    },
    "policy_name": {
      "value": "bharath-policy",
      "type": "string"
    },
    "role_arn": {
      "value": "arn:aws:iam::058264267037:role/bharath-role",
      "type": "string"
    },
    "role_name": {
      "value": "bharath-role",
      "type": "string"
    }
  },
  "resources": [
    {
      "mode": "managed",
      "type": "aws_iam_policy",
      "name": "bharath_policy",
      "provider": "provider[\"registry.terraform.io/hashicorp/aws\"]",
      "instances": [
        {
          "schema_version": 0,
          "attributes": {
            "arn": "arn:aws:iam::058264267037:policy/bharath-policy",
            "description": "Inline policy for the IAM role",
            "id": "arn:aws:iam::058264267037:policy/bharath-policy",
            "name": "bharath-policy",
            "name_prefix": "",
            "path": "/",
            "policy": "{\"Statement\":[{\"Action\":[\"s3:ListBucket\"],\"Effect\":\"Allow\",\"Resource\":[\"arn:aws:s3:::bharath-bucket\"]}],\"Version\":\"2012-10-17\"}",
            "policy_id": "ANPAQ3EGSFEO7X7ZIGRWE",
            "tags": null,
            "tags_all": {}
          },
          "sensitive_attributes": [],
          "private": "bnVsbA=="
        }
      ]
    },
    {
      "mode": "managed",
      "type": "aws_iam_role",
      "name": "bharath_role",
      "provider": "provider[\"registry.terraform.io/hashicorp/aws\"]",
      "instances": [
        {
          "schema_version": 0,
          "attributes": {
            "arn": "arn:aws:iam::058264267037:role/bharath-role",
            "assume_role_policy": "{\"Statement\":[{\"Action\":\"sts:AssumeRole\",\"Effect\":\"Allow\",\"Principal\":{\"Service\":\"ec2.amazonaws.com\"}}],\"Version\":\"2012-10-17\"}",
            "create_date": "2024-03-08T21:07:23Z",
            "description": "",
            "force_detach_policies": false,
            "id": "bharath-role",
            "inline_policy": [],
            "managed_policy_arns": [],
            "max_session_duration": 3600,
            "name": "bharath-role",
            "name_prefix": "",
            "path": "/",
            "permissions_boundary": "",
            "tags": null,
            "tags_all": {},
            "unique_id": "AROAQ3EGSFEO7ISKPT6LR"
          },
          "sensitive_attributes": [],
          "private": "bnVsbA=="
        }
      ]
    },
    {
      "mode": "managed",
      "type": "aws_iam_role_policy_attachment",
      "name": "policy-role_attachment",
      "provider": "provider[\"registry.terraform.io/hashicorp/aws\"]",
      "instances": [
        {
          "schema_version": 0,
          "attributes": {
            "id": "bharath-role-20240308210723924900000001",
            "policy_arn": "arn:aws:iam::058264267037:policy/bharath-policy",
            "role": "bharath-role"
          },
          "sensitive_attributes": [],
          "private": "bnVsbA==",
          "dependencies": [
            "aws_iam_policy.bharath_policy",
            "aws_iam_role.bharath_role"
          ]
        }
      ]
    },
    {
      "mode": "managed",
      "type": "aws_s3_bucket",
      "name": "bharath_bucket",
      "provider": "provider[\"registry.terraform.io/hashicorp/aws\"]",
      "instances": [
        {
          "schema_version": 0,
          "attributes": {
            "acceleration_status": "",
            "acl": null,
            "arn": "arn:aws:s3:::bharathnew-bucket",
            "bucket": "bharathnew-bucket",
            "bucket_domain_name": "bharathnew-bucket.s3.amazonaws.com",
            "bucket_prefix": "",
            "bucket_regional_domain_name": "bharathnew-bucket.s3.us-east-1.amazonaws.com",
            "cors_rule": [],
            "force_destroy": false,
            "grant": [
              {
                "id": "cdc1d8c6b447b2756a6930fc5a0c9037aa95184e978fc871c8b7ed41d798f421",
                "permissions": [
                  "FULL_CONTROL"
                ],
                "type": "CanonicalUser",
                "uri": ""
              }
            ],
            "hosted_zone_id": "Z3AQBSTGFYJSTF",
            "id": "bharathnew-bucket",
            "lifecycle_rule": [],
            "logging": [],
            "object_lock_configuration": [],
            "object_lock_enabled": false,
            "policy": "",
            "region": "us-east-1",
            "replication_configuration": [],
            "request_payer": "BucketOwner",
            "server_side_encryption_configuration": [
              {
                "rule": [
                  {
                    "apply_server_side_encryption_by_default": [
                      {
                        "kms_master_key_id": "",
                        "sse_algorithm": "AES256"
                      }
                    ],
                    "bucket_key_enabled": false
                  }
                ]
              }
            ],
            "tags": {
              "Name": "Cloud security test Bucket"
            },
            "tags_all": {
              "Name": "Cloud security test Bucket"
            },
            "timeouts": null,
            "versioning": [
              {
                "enabled": false,
                "mfa_delete": false
              }
            ],
            "website": [],
            "website_domain": null,
            "website_endpoint": null
          },
          "sensitive_attributes": [],
          "private": "eyJlMmJmYjczMC1lY2FhLTExZTYtOGY4OC0zNDM2M2JjN2M0YzAiOnsiY3JlYXRlIjoxMjAwMDAwMDAwMDAwLCJkZWxldGUiOjM2MDAwMDAwMDAwMDAsInJlYWQiOjEyMDAwMDAwMDAwMDAsInVwZGF0ZSI6MTIwMDAwMDAwMDAwMH19"
        }
      ]
    },
    {
      "mode": "managed",
      "type": "null_resource",
      "name": "detach_policies",
      "provider": "provider[\"registry.terraform.io/hashicorp/null\"]",
      "instances": [
        {
          "schema_version": 0,
          "attributes": {
            "id": "6197371923493584911",
            "triggers": {
              "role_name": "bharath-role"
            }
          },
          "sensitive_attributes": [],
          "dependencies": [
            "aws_iam_role.bharath_role"
          ]
        }
      ]
    },
    {
      "mode": "managed",
      "type": "null_resource",
      "name": "remove_bharath_role",
      "provider": "provider[\"registry.terraform.io/hashicorp/null\"]",
      "instances": [
        {
          "schema_version": 0,
          "attributes": {
            "id": "707633091429781044",
            "triggers": {
              "role_name": "bharath-role"
            }
          },
          "sensitive_attributes": [],
          "dependencies": [
            "aws_iam_role.bharath_role",
            "null_resource.detach_policies"
          ]
        }
      ]
    }
  ]
}
